
Microsoft Visual Studio Solution File, Format Version 12.00
# Visual Studio Version 17
VisualStudioVersion = 17.8.34511.84
MinimumVisualStudioVersion = 10.0.40219.1
Project("{2150E333-8FDC-42A3-9474-1A3956D46DE8}") = "Application", "Application", "{4A1A1E47-F548-47AD-84CE-8B4D90936546}"
EndProject
Project("{2150E333-8FDC-42A3-9474-1A3956D46DE8}") = "Domain", "Domain", "{01CFBC08-CE3B-4ABB-9886-EB4B9FFA96AB}"
EndProject
Project("{2150E333-8FDC-42A3-9474-1A3956D46DE8}") = "Infrastructure", "Infrastructure", "{4817EEA7-3FDB-423C-9372-EBCBE52E9CE7}"
EndProject
Project("{2150E333-8FDC-42A3-9474-1A3956D46DE8}") = "Presentation", "Presentation", "{224F1BD1-AECA-420B-ACC5-DE5EBD2FB70E}"
EndProject
Project("{9A19103F-16F7-4668-BE54-9A1E7A4F7556}") = "Abstracts", "Abstracts\Abstracts.csproj", "{95FB4AEA-D6E9-4766-A759-80711F547715}"
EndProject
Project("{FAE04EC0-301F-11D3-BF4B-00C04F79EFBC}") = "WebClient", "WebClient\WebClient.csproj", "{5A86011F-454C-4362-AB68-8FC64AD633BD}"
EndProject
Global
	GlobalSection(SolutionConfigurationPlatforms) = preSolution
		Debug|Any CPU = Debug|Any CPU
		Release|Any CPU = Release|Any CPU
	EndGlobalSection
	GlobalSection(ProjectConfigurationPlatforms) = postSolution
		{95FB4AEA-D6E9-4766-A759-80711F547715}.Debug|Any CPU.ActiveCfg = Debug|Any CPU
		{95FB4AEA-D6E9-4766-A759-80711F547715}.Debug|Any CPU.Build.0 = Debug|Any CPU
		{95FB4AEA-D6E9-4766-A759-80711F547715}.Release|Any CPU.ActiveCfg = Release|Any CPU
		{95FB4AEA-D6E9-4766-A759-80711F547715}.Release|Any CPU.Build.0 = Release|Any CPU
		{5A86011F-454C-4362-AB68-8FC64AD633BD}.Debug|Any CPU.ActiveCfg = Debug|Any CPU
		{5A86011F-454C-4362-AB68-8FC64AD633BD}.Debug|Any CPU.Build.0 = Debug|Any CPU
		{5A86011F-454C-4362-AB68-8FC64AD633BD}.Release|Any CPU.ActiveCfg = Release|Any CPU
		{5A86011F-454C-4362-AB68-8FC64AD633BD}.Release|Any CPU.Build.0 = Release|Any CPU
	EndGlobalSection
	GlobalSection(SolutionProperties) = preSolution
		HideSolutionNode = FALSE
	EndGlobalSection
	GlobalSection(NestedProjects) = preSolution
		{95FB4AEA-D6E9-4766-A759-80711F547715} = {01CFBC08-CE3B-4ABB-9886-EB4B9FFA96AB}
		{5A86011F-454C-4362-AB68-8FC64AD633BD} = {224F1BD1-AECA-420B-ACC5-DE5EBD2FB70E}
	EndGlobalSection
	GlobalSection(ExtensibilityGlobals) = postSolution
		SolutionGuid = {0DE6A68C-22B9-42F0-8FA5-2756806A054E}
	EndGlobalSection
EndGlobal
